// !$*UTF8*$!
{
	archiveVersion = 1;
	classes = {
	};
	objectVersion = 50;
	objects = {

/* Begin PBXBuildFile section */
		E00A2813264E3198008D6412 /* ListTableViewController.swift in Sources */ = {isa = PBXBuildFile; fileRef = E00A2812264E3198008D6412 /* ListTableViewController.swift */; };
		E0410678264E3EC000BAD9EB /* ListTableViewCell.swift in Sources */ = {isa = PBXBuildFile; fileRef = E0410677264E3EC000BAD9EB /* ListTableViewCell.swift */; };
		E0E39C73264DA0F1000D776F /* AppDelegate.swift in Sources */ = {isa = PBXBuildFile; fileRef = E0E39C72264DA0F1000D776F /* AppDelegate.swift */; };
		E0E39C75264DA0F1000D776F /* SceneDelegate.swift in Sources */ = {isa = PBXBuildFile; fileRef = E0E39C74264DA0F1000D776F /* SceneDelegate.swift */; };
		E0E39C77264DA0F1000D776F /* ViewController.swift in Sources */ = {isa = PBXBuildFile; fileRef = E0E39C76264DA0F1000D776F /* ViewController.swift */; };
		E0E39C7A264DA0F1000D776F /* Main.storyboard in Resources */ = {isa = PBXBuildFile; fileRef = E0E39C78264DA0F1000D776F /* Main.storyboard */; };
		E0E39C7C264DA0F5000D776F /* Assets.xcassets in Resources */ = {isa = PBXBuildFile; fileRef = E0E39C7B264DA0F5000D776F /* Assets.xcassets */; };
		E0E39C7F264DA0F5000D776F /* LaunchScreen.storyboard in Resources */ = {isa = PBXBuildFile; fileRef = E0E39C7D264DA0F5000D776F /* LaunchScreen.storyboard */; };
		E0E39C8A264DA0F5000D776F /* WordListTests.swift in Sources */ = {isa = PBXBuildFile; fileRef = E0E39C89264DA0F5000D776F /* WordListTests.swift */; };
		E0E39C95264DA0F5000D776F /* WordListUITests.swift in Sources */ = {isa = PBXBuildFile; fileRef = E0E39C94264DA0F5000D776F /* WordListUITests.swift */; };
		E0E39CA6264DA12E000D776F /* word_blank.png in Resources */ = {isa = PBXBuildFile; fileRef = E0E39CA3264DA12E000D776F /* word_blank.png */; };
		E0E39CA7264DA12E000D776F /* fin.png in Resources */ = {isa = PBXBuildFile; fileRef = E0E39CA4264DA12E000D776F /* fin.png */; };
		E0E39CA8264DA12E000D776F /* title_logo.png in Resources */ = {isa = PBXBuildFile; fileRef = E0E39CA5264DA12E000D776F /* title_logo.png */; };
		E0E39CAA264DAD68000D776F /* QuestionViewController.swift in Sources */ = {isa = PBXBuildFile; fileRef = E0E39CA9264DAD68000D776F /* QuestionViewController.swift */; };
		E0E39CAC264DAD9E000D776F /* FinishViewController.swift in Sources */ = {isa = PBXBuildFile; fileRef = E0E39CAB264DAD9E000D776F /* FinishViewController.swift */; };
		E0E39CB0264DADCD000D776F /* AddViewController.swift in Sources */ = {isa = PBXBuildFile; fileRef = E0E39CAF264DADCD000D776F /* AddViewController.swift */; };
/* End PBXBuildFile section */

/* Begin PBXContainerItemProxy section */
		E0E39C86264DA0F5000D776F /* PBXContainerItemProxy */ = {
			isa = PBXContainerItemProxy;
			containerPortal = E0E39C67264DA0F1000D776F /* Project object */;
			proxyType = 1;
			remoteGlobalIDString = E0E39C6E264DA0F1000D776F;
			remoteInfo = WordList;
		};
		E0E39C91264DA0F5000D776F /* PBXContainerItemProxy */ = {
			isa = PBXContainerItemProxy;
			containerPortal = E0E39C67264DA0F1000D776F /* Project object */;
			proxyType = 1;
			remoteGlobalIDString = E0E39C6E264DA0F1000D776F;
			remoteInfo = WordList;
		};
/* End PBXContainerItemProxy section */

/* Begin PBXFileReference section */
		E00A2812264E3198008D6412 /* ListTableViewController.swift */ = {isa = PBXFileReference; lastKnownFileType = sourcecode.swift; path = ListTableViewController.swift; sourceTree = "<group>"; };
		E0410677264E3EC000BAD9EB /* ListTableViewCell.swift */ = {isa = PBXFileReference; lastKnownFileType = sourcecode.swift; path = ListTableViewCell.swift; sourceTree = "<group>"; };
		E0E39C6F264DA0F1000D776F /* WordList.app */ = {isa = PBXFileReference; explicitFileType = wrapper.application; includeInIndex = 0; path = WordList.app; sourceTree = BUILT_PRODUCTS_DIR; };
		E0E39C72264DA0F1000D776F /* AppDelegate.swift */ = {isa = PBXFileReference; lastKnownFileType = sourcecode.swift; path = AppDelegate.swift; sourceTree = "<group>"; };
		E0E39C74264DA0F1000D776F /* SceneDelegate.swift */ = {isa = PBXFileReference; lastKnownFileType = sourcecode.swift; path = SceneDelegate.swift; sourceTree = "<group>"; };
		E0E39C76264DA0F1000D776F /* ViewController.swift */ = {isa = PBXFileReference; lastKnownFileType = sourcecode.swift; path = ViewController.swift; sourceTree = "<group>"; };
		E0E39C79264DA0F1000D776F /* Base */ = {isa = PBXFileReference; lastKnownFileType = file.storyboard; name = Base; path = Base.lproj/Main.storyboard; sourceTree = "<group>"; };
		E0E39C7B264DA0F5000D776F /* Assets.xcassets */ = {isa = PBXFileReference; lastKnownFileType = folder.assetcatalog; path = Assets.xcassets; sourceTree = "<group>"; };
		E0E39C7E264DA0F5000D776F /* Base */ = {isa = PBXFileReference; lastKnownFileType = file.storyboard; name = Base; path = Base.lproj/LaunchScreen.storyboard; sourceTree = "<group>"; };
		E0E39C80264DA0F5000D776F /* Info.plist */ = {isa = PBXFileReference; lastKnownFileType = text.plist.xml; path = Info.plist; sourceTree = "<group>"; };
		E0E39C85264DA0F5000D776F /* WordListTests.xctest */ = {isa = PBXFileReference; explicitFileType = wrapper.cfbundle; includeInIndex = 0; path = WordListTests.xctest; sourceTree = BUILT_PRODUCTS_DIR; };
		E0E39C89264DA0F5000D776F /* WordListTests.swift */ = {isa = PBXFileReference; lastKnownFileType = sourcecode.swift; path = WordListTests.swift; sourceTree = "<group>"; };
		E0E39C8B264DA0F5000D776F /* Info.plist */ = {isa = PBXFileReference; lastKnownFileType = text.plist.xml; path = Info.plist; sourceTree = "<group>"; };
		E0E39C90264DA0F5000D776F /* WordListUITests.xctest */ = {isa = PBXFileReference; explicitFileType = wrapper.cfbundle; includeInIndex = 0; path = WordListUITests.xctest; sourceTree = BUILT_PRODUCTS_DIR; };
		E0E39C94264DA0F5000D776F /* WordListUITests.swift */ = {isa = PBXFileReference; lastKnownFileType = sourcecode.swift; path = WordListUITests.swift; sourceTree = "<group>"; };
		E0E39C96264DA0F5000D776F /* Info.plist */ = {isa = PBXFileReference; lastKnownFileType = text.plist.xml; path = Info.plist; sourceTree = "<group>"; };
		E0E39CA3264DA12E000D776F /* word_blank.png */ = {isa = PBXFileReference; lastKnownFileType = image.png; path = word_blank.png; sourceTree = "<group>"; };
		E0E39CA4264DA12E000D776F /* fin.png */ = {isa = PBXFileReference; lastKnownFileType = image.png; path = fin.png; sourceTree = "<group>"; };
		E0E39CA5264DA12E000D776F /* title_logo.png */ = {isa = PBXFileReference; lastKnownFileType = image.png; path = title_logo.png; sourceTree = "<group>"; };
		E0E39CA9264DAD68000D776F /* QuestionViewController.swift */ = {isa = PBXFileReference; lastKnownFileType = sourcecode.swift; path = QuestionViewController.swift; sourceTree = "<group>"; };
		E0E39CAB264DAD9E000D776F /* FinishViewController.swift */ = {isa = PBXFileReference; lastKnownFileType = sourcecode.swift; path = FinishViewController.swift; sourceTree = "<group>"; };
		E0E39CAF264DADCD000D776F /* AddViewController.swift */ = {isa = PBXFileReference; lastKnownFileType = sourcecode.swift; path = AddViewController.swift; sourceTree = "<group>"; };
/* End PBXFileReference section */

/* Begin PBXFrameworksBuildPhase section */
		E0E39C6C264DA0F1000D776F /* Frameworks */ = {
			isa = PBXFrameworksBuildPhase;
			buildActionMask = 2147483647;
			files = (
			);
			runOnlyForDeploymentPostprocessing = 0;
		};
		E0E39C82264DA0F5000D776F /* Frameworks */ = {
			isa = PBXFrameworksBuildPhase;
			buildActionMask = 2147483647;
			files = (
			);
			runOnlyForDeploymentPostprocessing = 0;
		};
		E0E39C8D264DA0F5000D776F /* Frameworks */ = {
			isa = PBXFrameworksBuildPhase;
			buildActionMask = 2147483647;
			files = (
			);
			runOnlyForDeploymentPostprocessing = 0;
		};
/* End PBXFrameworksBuildPhase section */

/* Begin PBXGroup section */
		E0E39C66264DA0F1000D776F = {
			isa = PBXGroup;
			children = (
				E0E39C71264DA0F1000D776F /* WordList */,
				E0E39C88264DA0F5000D776F /* WordListTests */,
				E0E39C93264DA0F5000D776F /* WordListUITests */,
				E0E39C70264DA0F1000D776F /* Products */,
			);
			sourceTree = "<group>";
		};
		E0E39C70264DA0F1000D776F /* Products */ = {
			isa = PBXGroup;
			children = (
				E0E39C6F264DA0F1000D776F /* WordList.app */,
				E0E39C85264DA0F5000D776F /* WordListTests.xctest */,
				E0E39C90264DA0F5000D776F /* WordListUITests.xctest */,
			);
			name = Products;
			sourceTree = "<group>";
		};
		E0E39C71264DA0F1000D776F /* WordList */ = {
			isa = PBXGroup;
			children = (
				E0E39CA2264DA12E000D776F /* WordList素材 */,
				E0E39C72264DA0F1000D776F /* AppDelegate.swift */,
				E0E39C74264DA0F1000D776F /* SceneDelegate.swift */,
				E0E39C76264DA0F1000D776F /* ViewController.swift */,
				E0E39C78264DA0F1000D776F /* Main.storyboard */,
				E0E39C7B264DA0F5000D776F /* Assets.xcassets */,
				E0E39C7D264DA0F5000D776F /* LaunchScreen.storyboard */,
				E0E39C80264DA0F5000D776F /* Info.plist */,
				E0E39CA9264DAD68000D776F /* QuestionViewController.swift */,
				E0E39CAB264DAD9E000D776F /* FinishViewController.swift */,
				E0E39CAF264DADCD000D776F /* AddViewController.swift */,
				E00A2812264E3198008D6412 /* ListTableViewController.swift */,
				E0410677264E3EC000BAD9EB /* ListTableViewCell.swift */,
			);
			path = WordList;
			sourceTree = "<group>";
		};
		E0E39C88264DA0F5000D776F /* WordListTests */ = {
			isa = PBXGroup;
			children = (
				E0E39C89264DA0F5000D776F /* WordListTests.swift */,
				E0E39C8B264DA0F5000D776F /* Info.plist */,
			);
			path = WordListTests;
			sourceTree = "<group>";
		};
		E0E39C93264DA0F5000D776F /* WordListUITests */ = {
			isa = PBXGroup;
			children = (
				E0E39C94264DA0F5000D776F /* WordListUITests.swift */,
				E0E39C96264DA0F5000D776F /* Info.plist */,
			);
			path = WordListUITests;
			sourceTree = "<group>";
		};
		E0E39CA2264DA12E000D776F /* WordList素材 */ = {
			isa = PBXGroup;
			children = (
				E0E39CA3264DA12E000D776F /* word_blank.png */,
				E0E39CA4264DA12E000D776F /* fin.png */,
				E0E39CA5264DA12E000D776F /* title_logo.png */,
			);
			path = "WordList素材";
			sourceTree = "<group>";
		};
/* End PBXGroup section */

/* Begin PBXNativeTarget section */
		E0E39C6E264DA0F1000D776F /* WordList */ = {
			isa = PBXNativeTarget;
			buildConfigurationList = E0E39C99264DA0F5000D776F /* Build configuration list for PBXNativeTarget "WordList" */;
			buildPhases = (
				E0E39C6B264DA0F1000D776F /* Sources */,
				E0E39C6C264DA0F1000D776F /* Frameworks */,
				E0E39C6D264DA0F1000D776F /* Resources */,
			);
			buildRules = (
			);
			dependencies = (
			);
			name = WordList;
			productName = WordList;
			productReference = E0E39C6F264DA0F1000D776F /* WordList.app */;
			productType = "com.apple.product-type.application";
		};
		E0E39C84264DA0F5000D776F /* WordListTests */ = {
			isa = PBXNativeTarget;
			buildConfigurationList = E0E39C9C264DA0F5000D776F /* Build configuration list for PBXNativeTarget "WordListTests" */;
			buildPhases = (
				E0E39C81264DA0F5000D776F /* Sources */,
				E0E39C82264DA0F5000D776F /* Frameworks */,
				E0E39C83264DA0F5000D776F /* Resources */,
			);
			buildRules = (
			);
			dependencies = (
				E0E39C87264DA0F5000D776F /* PBXTargetDependency */,
			);
			name = WordListTests;
			productName = WordListTests;
			productReference = E0E39C85264DA0F5000D776F /* WordListTests.xctest */;
			productType = "com.apple.product-type.bundle.unit-test";
		};
		E0E39C8F264DA0F5000D776F /* WordListUITests */ = {
			isa = PBXNativeTarget;
			buildConfigurationList = E0E39C9F264DA0F5000D776F /* Build configuration list for PBXNativeTarget "WordListUITests" */;
			buildPhases = (
				E0E39C8C264DA0F5000D776F /* Sources */,
				E0E39C8D264DA0F5000D776F /* Frameworks */,
				E0E39C8E264DA0F5000D776F /* Resources */,
			);
			buildRules = (
			);
			dependencies = (
				E0E39C92264DA0F5000D776F /* PBXTargetDependency */,
			);
			name = WordListUITests;
			productName = WordListUITests;
			productReference = E0E39C90264DA0F5000D776F /* WordListUITests.xctest */;
			productType = "com.apple.product-type.bundle.ui-testing";
		};
/* End PBXNativeTarget section */

/* Begin PBXProject section */
		E0E39C67264DA0F1000D776F /* Project object */ = {
			isa = PBXProject;
			attributes = {
				LastSwiftUpdateCheck = 1250;
				LastUpgradeCheck = 1250;
				TargetAttributes = {
					E0E39C6E264DA0F1000D776F = {
						CreatedOnToolsVersion = 12.5;
					};
					E0E39C84264DA0F5000D776F = {
						CreatedOnToolsVersion = 12.5;
						TestTargetID = E0E39C6E264DA0F1000D776F;
					};
					E0E39C8F264DA0F5000D776F = {
						CreatedOnToolsVersion = 12.5;
						TestTargetID = E0E39C6E264DA0F1000D776F;
					};
				};
			};
			buildConfigurationList = E0E39C6A264DA0F1000D776F /* Build configuration list for PBXProject "WordList" */;
			compatibilityVersion = "Xcode 9.3";
			developmentRegion = en;
			hasScannedForEncodings = 0;
			knownRegions = (
				en,
				Base,
			);
			mainGroup = E0E39C66264DA0F1000D776F;
			productRefGroup = E0E39C70264DA0F1000D776F /* Products */;
			projectDirPath = "";
			projectRoot = "";
			targets = (
				E0E39C6E264DA0F1000D776F /* WordList */,
				E0E39C84264DA0F5000D776F /* WordListTests */,
				E0E39C8F264DA0F5000D776F /* WordListUITests */,
			);
		};
/* End PBXProject section */

/* Begin PBXResourcesBuildPhase section */
		E0E39C6D264DA0F1000D776F /* Resources */ = {
			isa = PBXResourcesBuildPhase;
			buildActionMask = 2147483647;
			files = (
				E0E39CA6264DA12E000D776F /* word_blank.png in Resources */,
				E0E39CA8264DA12E000D776F /* title_logo.png in Resources */,
				E0E39C7F264DA0F5000D776F /* LaunchScreen.storyboard in Resources */,
				E0E39C7C264DA0F5000D776F /* Assets.xcassets in Resources */,
				E0E39CA7264DA12E000D776F /* fin.png in Resources */,
				E0E39C7A264DA0F1000D776F /* Main.storyboard in Resources */,
			);
			runOnlyForDeploymentPostprocessing = 0;
		};
		E0E39C83264DA0F5000D776F /* Resources */ = {
			isa = PBXResourcesBuildPhase;
			buildActionMask = 2147483647;
			files = (
			);
			runOnlyForDeploymentPostprocessing = 0;
		};
		E0E39C8E264DA0F5000D776F /* Resources */ = {
			isa = PBXResourcesBuildPhase;
			buildActionMask = 2147483647;
			files = (
			);
			runOnlyForDeploymentPostprocessing = 0;
		};
/* End PBXResourcesBuildPhase section */

/* Begin PBXSourcesBuildPhase section */
		E0E39C6B264DA0F1000D776F /* Sources */ = {
			isa = PBXSourcesBuildPhase;
			buildActionMask = 2147483647;
			files = (
				E0E39CAC264DAD9E000D776F /* FinishViewController.swift in Sources */,
				E0410678264E3EC000BAD9EB /* ListTableViewCell.swift in Sources */,
				E0E39C77264DA0F1000D776F /* ViewController.swift in Sources */,
				E0E39CB0264DADCD000D776F /* AddViewController.swift in Sources */,
				E0E39C73264DA0F1000D776F /* AppDelegate.swift in Sources */,
				E0E39CAA264DAD68000D776F /* QuestionViewController.swift in Sources */,
				E0E39C75264DA0F1000D776F /* SceneDelegate.swift in Sources */,
				E00A2813264E3198008D6412 /* ListTableViewController.swift in Sources */,
			);
			runOnlyForDeploymentPostprocessing = 0;
		};
		E0E39C81264DA0F5000D776F /* Sources */ = {
			isa = PBXSourcesBuildPhase;
			buildActionMask = 2147483647;
			files = (
				E0E39C8A264DA0F5000D776F /* WordListTests.swift in Sources */,
			);
			runOnlyForDeploymentPostprocessing = 0;
		};
		E0E39C8C264DA0F5000D776F /* Sources */ = {
			isa = PBXSourcesBuildPhase;
			buildActionMask = 2147483647;
			files = (
				E0E39C95264DA0F5000D776F /* WordListUITests.swift in Sources */,
			);
			runOnlyForDeploymentPostprocessing = 0;
		};
/* End PBXSourcesBuildPhase section */

/* Begin PBXTargetDependency section */
		E0E39C87264DA0F5000D776F /* PBXTargetDependency */ = {
			isa = PBXTargetDependency;
			target = E0E39C6E264DA0F1000D776F /* WordList */;
			targetProxy = E0E39C86264DA0F5000D776F /* PBXContainerItemProxy */;
		};
		E0E39C92264DA0F5000D776F /* PBXTargetDependency */ = {
			isa = PBXTargetDependency;
			target = E0E39C6E264DA0F1000D776F /* WordList */;
			targetProxy = E0E39C91264DA0F5000D776F /* PBXContainerItemProxy */;
		};
/* End PBXTargetDependency section */

/* Begin PBXVariantGroup section */
		E0E39C78264DA0F1000D776F /* Main.storyboard */ = {
			isa = PBXVariantGroup;
			children = (
				E0E39C79264DA0F1000D776F /* Base */,
			);
			name = Main.storyboard;
			sourceTree = "<group>";
		};
		E0E39C7D264DA0F5000D776F /* LaunchScreen.storyboard */ = {
			isa = PBXVariantGroup;
			children = (
				E0E39C7E264DA0F5000D776F /* Base */,
			);
			name = LaunchScreen.storyboard;
			sourceTree = "<group>";
		};
/* End PBXVariantGroup section */

/* Begin XCBuildConfiguration section */
		E0E39C97264DA0F5000D776F /* Debug */ = {
			isa = XCBuildConfiguration;
			buildSettings = {
				ALWAYS_SEARCH_USER_PATHS = NO;
				CLANG_ANALYZER_NONNULL = YES;
				CLANG_ANALYZER_NUMBER_OBJECT_CONVERSION = YES_AGGRESSIVE;
				CLANG_CXX_LANGUAGE_STANDARD = "gnu++14";
				CLANG_CXX_LIBRARY = "libc++";
				CLANG_ENABLE_MODULES = YES;
				CLANG_ENABLE_OBJC_ARC = YES;
				CLANG_ENABLE_OBJC_WEAK = YES;
				CLANG_WARN_BLOCK_CAPTURE_AUTORELEASING = YES;
				CLANG_WARN_BOOL_CONVERSION = YES;
				CLANG_WARN_COMMA = YES;
				CLANG_WARN_CONSTANT_CONVERSION = YES;
				CLANG_WARN_DEPRECATED_OBJC_IMPLEMENTATIONS = YES;
				CLANG_WARN_DIRECT_OBJC_ISA_USAGE = YES_ERROR;
				CLANG_WARN_DOCUMENTATION_COMMENTS = YES;
				CLANG_WARN_EMPTY_BODY = YES;
				CLANG_WARN_ENUM_CONVERSION = YES;
				CLANG_WARN_INFINITE_RECURSION = YES;
				CLANG_WARN_INT_CONVERSION = YES;
				CLANG_WARN_NON_LITERAL_NULL_CONVERSION = YES;
				CLANG_WARN_OBJC_IMPLICIT_RETAIN_SELF = YES;
				CLANG_WARN_OBJC_LITERAL_CONVERSION = YES;
				CLANG_WARN_OBJC_ROOT_CLASS = YES_ERROR;
				CLANG_WARN_QUOTED_INCLUDE_IN_FRAMEWORK_HEADER = YES;
				CLANG_WARN_RANGE_LOOP_ANALYSIS = YES;
				CLANG_WARN_STRICT_PROTOTYPES = YES;
				CLANG_WARN_SUSPICIOUS_MOVE = YES;
				CLANG_WARN_UNGUARDED_AVAILABILITY = YES_AGGRESSIVE;
				CLANG_WARN_UNREACHABLE_CODE = YES;
				CLANG_WARN__DUPLICATE_METHOD_MATCH = YES;
				COPY_PHASE_STRIP = NO;
				DEBUG_INFORMATION_FORMAT = dwarf;
				ENABLE_STRICT_OBJC_MSGSEND = YES;
				ENABLE_TESTABILITY = YES;
				GCC_C_LANGUAGE_STANDARD = gnu11;
				GCC_DYNAMIC_NO_PIC = NO;
				GCC_NO_COMMON_BLOCKS = YES;
				GCC_OPTIMIZATION_LEVEL = 0;
				GCC_PREPROCESSOR_DEFINITIONS = (
					"DEBUG=1",
					"$(inherited)",
				);
				GCC_WARN_64_TO_32_BIT_CONVERSION = YES;
				GCC_WARN_ABOUT_RETURN_TYPE = YES_ERROR;
				GCC_WARN_UNDECLARED_SELECTOR = YES;
				GCC_WARN_UNINITIALIZED_AUTOS = YES_AGGRESSIVE;
				GCC_WARN_UNUSED_FUNCTION = YES;
				GCC_WARN_UNUSED_VARIABLE = YES;
				IPHONEOS_DEPLOYMENT_TARGET = 14.5;
				MTL_ENABLE_DEBUG_INFO = INCLUDE_SOURCE;
				MTL_FAST_MATH = YES;
				ONLY_ACTIVE_ARCH = YES;
				SDKROOT = iphoneos;
				SWIFT_ACTIVE_COMPILATION_CONDITIONS = DEBUG;
				SWIFT_OPTIMIZATION_LEVEL = "-Onone";
			};
			name = Debug;
		};
		E0E39C98264DA0F5000D776F /* Release */ = {
			isa = XCBuildConfiguration;
			buildSettings = {
				ALWAYS_SEARCH_USER_PATHS = NO;
				CLANG_ANALYZER_NONNULL = YES;
				CLANG_ANALYZER_NUMBER_OBJECT_CONVERSION = YES_AGGRESSIVE;
				CLANG_CXX_LANGUAGE_STANDARD = "gnu++14";
				CLANG_CXX_LIBRARY = "libc++";
				CLANG_ENABLE_MODULES = YES;
				CLANG_ENABLE_OBJC_ARC = YES;
				CLANG_ENABLE_OBJC_WEAK = YES;
				CLANG_WARN_BLOCK_CAPTURE_AUTORELEASING = YES;
				CLANG_WARN_BOOL_CONVERSION = YES;
				CLANG_WARN_COMMA = YES;
				CLANG_WARN_CONSTANT_CONVERSION = YES;
				CLANG_WARN_DEPRECATED_OBJC_IMPLEMENTATIONS = YES;
				CLANG_WARN_DIRECT_OBJC_ISA_USAGE = YES_ERROR;
				CLANG_WARN_DOCUMENTATION_COMMENTS = YES;
				CLANG_WARN_EMPTY_BODY = YES;
				CLANG_WARN_ENUM_CONVERSION = YES;
				CLANG_WARN_INFINITE_RECURSION = YES;
				CLANG_WARN_INT_CONVERSION = YES;
				CLANG_WARN_NON_LITERAL_NULL_CONVERSION = YES;
				CLANG_WARN_OBJC_IMPLICIT_RETAIN_SELF = YES;
				CLANG_WARN_OBJC_LITERAL_CONVERSION = YES;
				CLANG_WARN_OBJC_ROOT_CLASS = YES_ERROR;
				CLANG_WARN_QUOTED_INCLUDE_IN_FRAMEWORK_HEADER = YES;
				CLANG_WARN_RANGE_LOOP_ANALYSIS = YES;
				CLANG_WARN_STRICT_PROTOTYPES = YES;
				CLANG_WARN_SUSPICIOUS_MOVE = YES;
				CLANG_WARN_UNGUARDED_AVAILABILITY = YES_AGGRESSIVE;
				CLANG_WARN_UNREACHABLE_CODE = YES;
				CLANG_WARN__DUPLICATE_METHOD_MATCH = YES;
				COPY_PHASE_STRIP = NO;
				DEBUG_INFORMATION_FORMAT = "dwarf-with-dsym";
				ENABLE_NS_ASSERTIONS = NO;
				ENABLE_STRICT_OBJC_MSGSEND = YES;
				GCC_C_LANGUAGE_STANDARD = gnu11;
				GCC_NO_COMMON_BLOCKS = YES;
				GCC_WARN_64_TO_32_BIT_CONVERSION = YES;
				GCC_WARN_ABOUT_RETURN_TYPE = YES_ERROR;
				GCC_WARN_UNDECLARED_SELECTOR = YES;
				GCC_WARN_UNINITIALIZED_AUTOS = YES_AGGRESSIVE;
				GCC_WARN_UNUSED_FUNCTION = YES;
				GCC_WARN_UNUSED_VARIABLE = YES;
				IPHONEOS_DEPLOYMENT_TARGET = 14.5;
				MTL_ENABLE_DEBUG_INFO = NO;
				MTL_FAST_MATH = YES;
				SDKROOT = iphoneos;
				SWIFT_COMPILATION_MODE = wholemodule;
				SWIFT_OPTIMIZATION_LEVEL = "-O";
				VALIDATE_PRODUCT = YES;
			};
			name = Release;
		};
		E0E39C9A264DA0F5000D776F /* Debug */ = {
			isa = XCBuildConfiguration;
			buildSettings = {
				ASSETCATALOG_COMPILER_APPICON_NAME = AppIcon;
				ASSETCATALOG_COMPILER_GLOBAL_ACCENT_COLOR_NAME = AccentColor;
				CODE_SIGN_STYLE = Automatic;
				DEVELOPMENT_TEAM = A28ARP647Y;
				INFOPLIST_FILE = WordList/Info.plist;
				LD_RUNPATH_SEARCH_PATHS = (
					"$(inherited)",
					"@executable_path/Frameworks",
				);
				PRODUCT_BUNDLE_IDENTIFIER = app.abe.chanmia.WordList;
				PRODUCT_NAME = "$(TARGET_NAME)";
				SWIFT_VERSION = 5.0;
				TARGETED_DEVICE_FAMILY = "1,2";
			};
			name = Debug;
		};
		E0E39C9B264DA0F5000D776F /* Release */ = {
			isa = XCBuildConfiguration;
			buildSettings = {
				ASSETCATALOG_COMPILER_APPICON_NAME = AppIcon;
				ASSETCATALOG_COMPILER_GLOBAL_ACCENT_COLOR_NAME = AccentColor;
				CODE_SIGN_STYLE = Automatic;
				DEVELOPMENT_TEAM = A28ARP647Y;
				INFOPLIST_FILE = WordList/Info.plist;
				LD_RUNPATH_SEARCH_PATHS = (
					"$(inherited)",
					"@executable_path/Frameworks",
				);
				PRODUCT_BUNDLE_IDENTIFIER = app.abe.chanmia.WordList;
				PRODUCT_NAME = "$(TARGET_NAME)";
				SWIFT_VERSION = 5.0;
				TARGETED_DEVICE_FAMILY = "1,2";
			};
			name = Release;
		};
		E0E39C9D264DA0F5000D776F /* Debug */ = {
			isa = XCBuildConfiguration;
			buildSettings = {
				ALWAYS_EMBED_SWIFT_STANDARD_LIBRARIES = YES;
				BUNDLE_LOADER = "$(TEST_HOST)";
				CODE_SIGN_STYLE = Automatic;
				INFOPLIST_FILE = WordListTests/Info.plist;
				IPHONEOS_DEPLOYMENT_TARGET = 14.5;
				LD_RUNPATH_SEARCH_PATHS = (
					"$(inherited)",
					"@executable_path/Frameworks",
					"@loader_path/Frameworks",
				);
				PRODUCT_BUNDLE_IDENTIFIER = app.abe.chanmia.WordListTests;
				PRODUCT_NAME = "$(TARGET_NAME)";
				SWIFT_VERSION = 5.0;
				TARGETED_DEVICE_FAMILY = "1,2";
				TEST_HOST = "$(BUILT_PRODUCTS_DIR)/WordList.app/WordList";
			};
			name = Debug;
		};
		E0E39C9E264DA0F5000D776F /* Release */ = {
			isa = XCBuildConfiguration;
			buildSettings = {
				ALWAYS_EMBED_SWIFT_STANDARD_LIBRARIES = YES;
				BUNDLE_LOADER = "$(TEST_HOST)";
				CODE_SIGN_STYLE = Automatic;
				INFOPLIST_FILE = WordListTests/Info.plist;
				IPHONEOS_DEPLOYMENT_TARGET = 14.5;
				LD_RUNPATH_SEARCH_PATHS = (
					"$(inherited)",
					"@executable_path/Frameworks",
					"@loader_path/Frameworks",
				);
				PRODUCT_BUNDLE_IDENTIFIER = app.abe.chanmia.WordListTests;
				PRODUCT_NAME = "$(TARGET_NAME)";
				SWIFT_VERSION = 5.0;
				TARGETED_DEVICE_FAMILY = "1,2";
				TEST_HOST = "$(BUILT_PRODUCTS_DIR)/WordList.app/WordList";
			};
			name = Release;
		};
		E0E39CA0264DA0F5000D776F /* Debug */ = {
			isa = XCBuildConfiguration;
			buildSettings = {
				ALWAYS_EMBED_SWIFT_STANDARD_LIBRARIES = YES;
				CODE_SIGN_STYLE = Automatic;
				INFOPLIST_FILE = WordListUITests/Info.plist;
				LD_RUNPATH_SEARCH_PATHS = (
					"$(inherited)",
					"@executable_path/Frameworks",
					"@loader_path/Frameworks",
				);
				PRODUCT_BUNDLE_IDENTIFIER = app.abe.chanmia.WordListUITests;
				PRODUCT_NAME = "$(TARGET_NAME)";
				SWIFT_VERSION = 5.0;
				TARGETED_DEVICE_FAMILY = "1,2";
				TEST_TARGET_NAME = WordList;
			};
			name = Debug;
		};
		E0E39CA1264DA0F5000D776F /* Release */ = {
			isa = XCBuildConfiguration;
			buildSettings = {
				ALWAYS_EMBED_SWIFT_STANDARD_LIBRARIES = YES;
				CODE_SIGN_STYLE = Automatic;
				INFOPLIST_FILE = WordListUITests/Info.plist;
				LD_RUNPATH_SEARCH_PATHS = (
					"$(inherited)",
					"@executable_path/Frameworks",
					"@loader_path/Frameworks",
				);
				PRODUCT_BUNDLE_IDENTIFIER = app.abe.chanmia.WordListUITests;
				PRODUCT_NAME = "$(TARGET_NAME)";
				SWIFT_VERSION = 5.0;
				TARGETED_DEVICE_FAMILY = "1,2";
				TEST_TARGET_NAME = WordList;
			};
			name = Release;
		};
/* End XCBuildConfiguration section */

/* Begin XCConfigurationList section */
		E0E39C6A264DA0F1000D776F /* Build configuration list for PBXProject "WordList" */ = {
			isa = XCConfigurationList;
			buildConfigurations = (
				E0E39C97264DA0F5000D776F /* Debug */,
				E0E39C98264DA0F5000D776F /* Release */,
			);
			defaultConfigurationIsVisible = 0;
			defaultConfigurationName = Release;
		};
		E0E39C99264DA0F5000D776F /* Build configuration list for PBXNativeTarget "WordList" */ = {
			isa = XCConfigurationList;
			buildConfigurations = (
				E0E39C9A264DA0F5000D776F /* Debug */,
				E0E39C9B264DA0F5000D776F /* Release */,
			);
			defaultConfigurationIsVisible = 0;
			defaultConfigurationName = Release;
		};
		E0E39C9C264DA0F5000D776F /* Build configuration list for PBXNativeTarget "WordListTests" */ = {
			isa = XCConfigurationList;
			buildConfigurations = (
				E0E39C9D264DA0F5000D776F /* Debug */,
				E0E39C9E264DA0F5000D776F /* Release */,
			);
			defaultConfigurationIsVisible = 0;
			defaultConfigurationName = Release;
		};
		E0E39C9F264DA0F5000D776F /* Build configuration list for PBXNativeTarget "WordListUITests" */ = {
			isa = XCConfigurationList;
			buildConfigurations = (
				E0E39CA0264DA0F5000D776F /* Debug */,
				E0E39CA1264DA0F5000D776F /* Release */,
			);
			defaultConfigurationIsVisible = 0;
			defaultConfigurationName = Release;
		};
/* End XCConfigurationList section */
	};
	rootObject = E0E39C67264DA0F1000D776F /* Project object */;
}
